
Microsoft Visual Studio Solution File, Format Version 12.00
# Visual Studio 15
VisualStudioVersion = 15.0.27130.2010
MinimumVisualStudioVersion = 10.0.40219.1
Project("{FAE04EC0-301F-11D3-BF4B-00C04F79EFBC}") = "Vidly", "Vidly\Vidly.csproj", "{DCDD6EE9-26EE-472B-9976-D9C90CFDDDCA}"
EndProject
Global
	GlobalSection(SolutionConfigurationPlatforms) = preSolution
		Debug|Any CPU = Debug|Any CPU
		Release|Any CPU = Release|Any CPU
		Testing|Any CPU = Testing|Any CPU
	EndGlobalSection
	GlobalSection(ProjectConfigurationPlatforms) = postSolution
		{DCDD6EE9-26EE-472B-9976-D9C90CFDDDCA}.Debug|Any CPU.ActiveCfg = Debug|Any CPU
		{DCDD6EE9-26EE-472B-9976-D9C90CFDDDCA}.Debug|Any CPU.Build.0 = Debug|Any CPU
		{DCDD6EE9-26EE-472B-9976-D9C90CFDDDCA}.Release|Any CPU.ActiveCfg = Release|Any CPU
		{DCDD6EE9-26EE-472B-9976-D9C90CFDDDCA}.Release|Any CPU.Build.0 = Release|Any CPU
		{DCDD6EE9-26EE-472B-9976-D9C90CFDDDCA}.Testing|Any CPU.ActiveCfg = Testing|Any CPU
		{DCDD6EE9-26EE-472B-9976-D9C90CFDDDCA}.Testing|Any CPU.Build.0 = Testing|Any CPU
	EndGlobalSection
	GlobalSection(SolutionProperties) = preSolution
		HideSolutionNode = FALSE
	EndGlobalSection
	GlobalSection(ExtensibilityGlobals) = postSolution
		SolutionGuid = {40DAA3C7-0306-4133-84D2-C01BB45D8CB4}
	EndGlobalSection
EndGlobal
